
Microsoft Visual Studio Solution File, Format Version 12.00
# Visual Studio Version 17
VisualStudioVersion = 17.3.32929.385
MinimumVisualStudioVersion = 10.0.40219.1
Project("{8BC9CEB8-8B4A-11D0-8D11-00A0C91BC942}") = "SoloRenderer", "SoloRenderer\SoloRenderer.vcxproj", "{7EFDE216-6A11-4C06-8BEA-C8670EA34257}"
EndProject
Global
	GlobalSection(SolutionConfigurationPlatforms) = preSolution
		Debug|x64 = Debug|x64
		Debug|x86 = Debug|x86
		Release|x64 = Release|x64
		Release|x86 = Release|x86
	EndGlobalSection
	GlobalSection(ProjectConfigurationPlatforms) = postSolution
		{7EFDE216-6A11-4C06-8BEA-C8670EA34257}.Debug|x64.ActiveCfg = Debug|x64
		{7EFDE216-6A11-4C06-8BEA-C8670EA34257}.Debug|x64.Build.0 = Debug|x64
		{7EFDE216-6A11-4C06-8BEA-C8670EA34257}.Debug|x86.ActiveCfg = Debug|Win32
		{7EFDE216-6A11-4C06-8BEA-C8670EA34257}.Debug|x86.Build.0 = Debug|Win32
		{7EFDE216-6A11-4C06-8BEA-C8670EA34257}.Release|x64.ActiveCfg = Release|x64
		{7EFDE216-6A11-4C06-8BEA-C8670EA34257}.Release|x64.Build.0 = Release|x64
		{7EFDE216-6A11-4C06-8BEA-C8670EA34257}.Release|x86.ActiveCfg = Release|Win32
		{7EFDE216-6A11-4C06-8BEA-C8670EA34257}.Release|x86.Build.0 = Release|Win32
	EndGlobalSection
	GlobalSection(SolutionProperties) = preSolution
		HideSolutionNode = FALSE
	EndGlobalSection
	GlobalSection(ExtensibilityGlobals) = postSolution
		SolutionGuid = {77B02B01-14A4-476C-99F8-05654401EE6A}
	EndGlobalSection
EndGlobal
